
Microsoft Visual Studio Solution File, Format Version 12.00
# Visual Studio Version 16
VisualStudioVersion = 16.0.30503.244
MinimumVisualStudioVersion = 10.0.40219.1
Project("{8BC9CEB8-8B4A-11D0-8D11-00A0C91BC942}") = "Class Roster", "Class Roster.vcxproj", "{6EA9196F-AEB7-42D9-9A12-2A95BEF0B036}"
EndProject
Global
	GlobalSection(SolutionConfigurationPlatforms) = preSolution
		Debug|x64 = Debug|x64
		Debug|x86 = Debug|x86
		Release|x64 = Release|x64
		Release|x86 = Release|x86
	EndGlobalSection
	GlobalSection(ProjectConfigurationPlatforms) = postSolution
		{6EA9196F-AEB7-42D9-9A12-2A95BEF0B036}.Debug|x64.ActiveCfg = Debug|x64
		{6EA9196F-AEB7-42D9-9A12-2A95BEF0B036}.Debug|x64.Build.0 = Debug|x64
		{6EA9196F-AEB7-42D9-9A12-2A95BEF0B036}.Debug|x86.ActiveCfg = Debug|Win32
		{6EA9196F-AEB7-42D9-9A12-2A95BEF0B036}.Debug|x86.Build.0 = Debug|Win32
		{6EA9196F-AEB7-42D9-9A12-2A95BEF0B036}.Release|x64.ActiveCfg = Release|x64
		{6EA9196F-AEB7-42D9-9A12-2A95BEF0B036}.Release|x64.Build.0 = Release|x64
		{6EA9196F-AEB7-42D9-9A12-2A95BEF0B036}.Release|x86.ActiveCfg = Release|Win32
		{6EA9196F-AEB7-42D9-9A12-2A95BEF0B036}.Release|x86.Build.0 = Release|Win32
	EndGlobalSection
	GlobalSection(SolutionProperties) = preSolution
		HideSolutionNode = FALSE
	EndGlobalSection
	GlobalSection(ExtensibilityGlobals) = postSolution
		SolutionGuid = {6A1606CA-C2A0-4844-A3A7-5E721AEADDCE}
	EndGlobalSection
EndGlobal
